
Microsoft Visual Studio Solution File, Format Version 12.00
# Visual Studio Version 16
VisualStudioVersion = 16.0.28803.202
MinimumVisualStudioVersion = 10.0.40219.1
Project("{FAE04EC0-301F-11D3-BF4B-00C04F79EFBC}") = "ProjektDiceGame", "ProjektDiceGame\ProjektDiceGame.csproj", "{3D4CAE45-2B43-4077-A24E-9C722D045F6A}"
EndProject
Project("{FAE04EC0-301F-11D3-BF4B-00C04F79EFBC}") = "ClassLibrary", "ClassLibrary\ClassLibrary.csproj", "{FD31A985-05C9-4A48-84D7-236E9980A259}"
EndProject
Project("{54435603-DBB4-11D2-8724-00A0C9A8B90C}") = "Setup", "Setup\Setup.vdproj", "{FC16767A-C37A-4002-98C4-1A0EA584D755}"
EndProject
Global
	GlobalSection(SolutionConfigurationPlatforms) = preSolution
		Debug|Any CPU = Debug|Any CPU
		Release|Any CPU = Release|Any CPU
	EndGlobalSection
	GlobalSection(ProjectConfigurationPlatforms) = postSolution
		{3D4CAE45-2B43-4077-A24E-9C722D045F6A}.Debug|Any CPU.ActiveCfg = Debug|Any CPU
		{3D4CAE45-2B43-4077-A24E-9C722D045F6A}.Debug|Any CPU.Build.0 = Debug|Any CPU
		{3D4CAE45-2B43-4077-A24E-9C722D045F6A}.Release|Any CPU.ActiveCfg = Release|Any CPU
		{3D4CAE45-2B43-4077-A24E-9C722D045F6A}.Release|Any CPU.Build.0 = Release|Any CPU
		{FD31A985-05C9-4A48-84D7-236E9980A259}.Debug|Any CPU.ActiveCfg = Debug|Any CPU
		{FD31A985-05C9-4A48-84D7-236E9980A259}.Debug|Any CPU.Build.0 = Debug|Any CPU
		{FD31A985-05C9-4A48-84D7-236E9980A259}.Release|Any CPU.ActiveCfg = Release|Any CPU
		{FD31A985-05C9-4A48-84D7-236E9980A259}.Release|Any CPU.Build.0 = Release|Any CPU
		{FC16767A-C37A-4002-98C4-1A0EA584D755}.Debug|Any CPU.ActiveCfg = Debug
		{FC16767A-C37A-4002-98C4-1A0EA584D755}.Release|Any CPU.ActiveCfg = Release
	EndGlobalSection
	GlobalSection(SolutionProperties) = preSolution
		HideSolutionNode = FALSE
	EndGlobalSection
	GlobalSection(ExtensibilityGlobals) = postSolution
		SolutionGuid = {98A3C11C-0E99-4515-A554-D006A17D1D48}
	EndGlobalSection
EndGlobal
